
Microsoft Visual Studio Solution File, Format Version 12.00
# Visual Studio Version 17
VisualStudioVersion = 17.6.33723.286
MinimumVisualStudioVersion = 10.0.40219.1
Project("{FAE04EC0-301F-11D3-BF4B-00C04F79EFBC}") = "Pract1", "Pract1.csproj", "{AED96D01-53C8-4AC0-8EAF-7E1086AC8A3F}"
EndProject
Global
	GlobalSection(SolutionConfigurationPlatforms) = preSolution
		Debug|Any CPU = Debug|Any CPU
		Release|Any CPU = Release|Any CPU
	EndGlobalSection
	GlobalSection(ProjectConfigurationPlatforms) = postSolution
		{AED96D01-53C8-4AC0-8EAF-7E1086AC8A3F}.Debug|Any CPU.ActiveCfg = Debug|Any CPU
		{AED96D01-53C8-4AC0-8EAF-7E1086AC8A3F}.Debug|Any CPU.Build.0 = Debug|Any CPU
		{AED96D01-53C8-4AC0-8EAF-7E1086AC8A3F}.Release|Any CPU.ActiveCfg = Release|Any CPU
		{AED96D01-53C8-4AC0-8EAF-7E1086AC8A3F}.Release|Any CPU.Build.0 = Release|Any CPU
	EndGlobalSection
	GlobalSection(SolutionProperties) = preSolution
		HideSolutionNode = FALSE
	EndGlobalSection
	GlobalSection(ExtensibilityGlobals) = postSolution
		SolutionGuid = {E1D2EA5D-9E91-4802-8F47-CFBEB04D964B}
	EndGlobalSection
EndGlobal
