
Microsoft Visual Studio Solution File, Format Version 12.00
# Visual Studio Version 17
VisualStudioVersion = 17.6.33723.286
MinimumVisualStudioVersion = 10.0.40219.1
Project("{FAE04EC0-301F-11D3-BF4B-00C04F79EFBC}") = "Pract13", "Pract13.csproj", "{4A76E495-E832-4C04-BF7E-5E31D8240C0A}"
EndProject
Global
	GlobalSection(SolutionConfigurationPlatforms) = preSolution
		Debug|Any CPU = Debug|Any CPU
		Release|Any CPU = Release|Any CPU
	EndGlobalSection
	GlobalSection(ProjectConfigurationPlatforms) = postSolution
		{4A76E495-E832-4C04-BF7E-5E31D8240C0A}.Debug|Any CPU.ActiveCfg = Debug|Any CPU
		{4A76E495-E832-4C04-BF7E-5E31D8240C0A}.Debug|Any CPU.Build.0 = Debug|Any CPU
		{4A76E495-E832-4C04-BF7E-5E31D8240C0A}.Release|Any CPU.ActiveCfg = Release|Any CPU
		{4A76E495-E832-4C04-BF7E-5E31D8240C0A}.Release|Any CPU.Build.0 = Release|Any CPU
	EndGlobalSection
	GlobalSection(SolutionProperties) = preSolution
		HideSolutionNode = FALSE
	EndGlobalSection
	GlobalSection(ExtensibilityGlobals) = postSolution
		SolutionGuid = {A498F71F-393A-4A60-9E5D-CF35EA04980B}
	EndGlobalSection
EndGlobal
