
Microsoft Visual Studio Solution File, Format Version 12.00
# Visual Studio Version 17
VisualStudioVersion = 17.6.33723.286
MinimumVisualStudioVersion = 10.0.40219.1
Project("{FAE04EC0-301F-11D3-BF4B-00C04F79EFBC}") = "Pract15", "Pract15.csproj", "{AFFCED29-FFB7-4981-820D-08ED7E19599D}"
EndProject
Global
	GlobalSection(SolutionConfigurationPlatforms) = preSolution
		Debug|Any CPU = Debug|Any CPU
		Release|Any CPU = Release|Any CPU
	EndGlobalSection
	GlobalSection(ProjectConfigurationPlatforms) = postSolution
		{AFFCED29-FFB7-4981-820D-08ED7E19599D}.Debug|Any CPU.ActiveCfg = Debug|Any CPU
		{AFFCED29-FFB7-4981-820D-08ED7E19599D}.Debug|Any CPU.Build.0 = Debug|Any CPU
		{AFFCED29-FFB7-4981-820D-08ED7E19599D}.Release|Any CPU.ActiveCfg = Release|Any CPU
		{AFFCED29-FFB7-4981-820D-08ED7E19599D}.Release|Any CPU.Build.0 = Release|Any CPU
	EndGlobalSection
	GlobalSection(SolutionProperties) = preSolution
		HideSolutionNode = FALSE
	EndGlobalSection
	GlobalSection(ExtensibilityGlobals) = postSolution
		SolutionGuid = {277948F4-269A-4E54-AB9D-B776FCD72087}
	EndGlobalSection
EndGlobal
